{
  "version": "4",
  "redirects": {
    "https://esm.sh/@supabase/functions-js/src/edge-runtime.d.ts": "https://esm.sh/@supabase/functions-js@2.4.4/src/edge-runtime.d.ts",
    "https://esm.sh/@supabase/functions-js@^2.1.0?target=denonext": "https://esm.sh/@supabase/functions-js@2.4.4?target=denonext",
    "https://esm.sh/@supabase/gotrue-js@^2.23.0?target=denonext": "https://esm.sh/@supabase/gotrue-js@2.68.0?target=denonext",
    "https://esm.sh/@supabase/node-fetch@^2.6.14?target=denonext": "https://esm.sh/@supabase/node-fetch@2.6.15?target=denonext",
    "https://esm.sh/@supabase/postgrest-js@^1.1.1?target=denonext": "https://esm.sh/@supabase/postgrest-js@1.18.1?target=denonext",
    "https://esm.sh/@supabase/realtime-js@^2.7.2?target=denonext": "https://esm.sh/@supabase/realtime-js@2.11.3?target=denonext",
    "https://esm.sh/@supabase/storage-js@^2.5.1?target=denonext": "https://esm.sh/@supabase/storage-js@2.7.1?target=denonext",
    "https://esm.sh/@types/common-tags@~1.8.4/index.d.ts": "https://esm.sh/@types/common-tags@1.8.4/index.d.ts",
    "https://esm.sh/@types/ws@~8.5.13/index.d.mts": "https://esm.sh/@types/ws@8.5.14/index.d.mts",
    "https://esm.sh/bufferutil@^4.0.1?target=denonext": "https://esm.sh/bufferutil@4.0.9?target=denonext",
    "https://esm.sh/character-entities@^2.0.0?target=deno": "https://esm.sh/character-entities@2.0.2?target=deno",
    "https://esm.sh/node-gyp-build@^4.3.0?target=denonext": "https://esm.sh/node-gyp-build@4.8.4?target=denonext",
    "https://esm.sh/tr46@~0.0.3?target=denonext": "https://esm.sh/tr46@0.0.3?target=denonext",
    "https://esm.sh/utf-8-validate@%3E=5.0.2?target=denonext": "https://esm.sh/utf-8-validate@6.0.5?target=denonext",
    "https://esm.sh/webidl-conversions@^3.0.0?target=denonext": "https://esm.sh/webidl-conversions@3.0.1?target=denonext",
    "https://esm.sh/whatwg-url@^5.0.0?target=denonext": "https://esm.sh/whatwg-url@5.0.0?target=denonext",
    "https://esm.sh/ws@^8.18.0?target=denonext": "https://esm.sh/ws@8.18.0?target=denonext"
  },
  "remote": {
    "https://cdn.jsdelivr.net/npm/@xenova/transformers@2.6.1": "84f7766fdedd1c7423429ccf955080ea7c9d17507782a59c6bc3c9acc49b7e2c",
    "https://esm.sh/@supabase/functions-js@2.4.4/denonext/functions-js.mjs": "7adeb257410ef3c4a8a1eb9b4ff416c0075d1c32860ca04913c8a9dace1de6a6",
    "https://esm.sh/@supabase/functions-js@2.4.4?target=denonext": "e2476c61b8afb50cd0987ff03900f48daa646706d6bad319c347e38870b9e72b",
    "https://esm.sh/@supabase/gotrue-js@2.68.0/denonext/gotrue-js.mjs": "dac979833c2982eb59bbc1ddd1c156bab98ec5edcade563888a48532bb4c7b9a",
    "https://esm.sh/@supabase/gotrue-js@2.68.0?target=denonext": "fe6fd72b371668f353fb32b58d2beb2de724da56b9ff0c0daa48a95bcab3949c",
    "https://esm.sh/@supabase/node-fetch@2.6.15/denonext/node-fetch.mjs": "0bae9052231f4f6dbccc7234d05ea96923dbf967be12f402764580b6bf9f713d",
    "https://esm.sh/@supabase/node-fetch@2.6.15?target=denonext": "4d28c4ad97328403184353f68434f2b6973971507919e9150297413664919cf3",
    "https://esm.sh/@supabase/postgrest-js@1.18.1/denonext/postgrest-js.mjs": "a67bfa3dc67f82d574539665c5122685e59708018397ca4f4cb261332b3363fa",
    "https://esm.sh/@supabase/postgrest-js@1.18.1?target=denonext": "1e14a362166b53017e3ffeaa5c82f363750bc3f3f9572aff7f518cb6dada80ee",
    "https://esm.sh/@supabase/realtime-js@2.11.3/denonext/realtime-js.mjs": "41136804bb97bb5e5b30575fe3db87dd2580eae82cc87b9b93df626c0856c63e",
    "https://esm.sh/@supabase/realtime-js@2.11.3?target=denonext": "a66d1db3823a6e44eccddb6b529ca199380e13a8b0246b130495ea097bbf984c",
    "https://esm.sh/@supabase/storage-js@2.7.1/denonext/storage-js.mjs": "73ac8cdc95cfcd794fe603dbd7ce06d539ab51538ae6467eabe0f9cc26c993aa",
    "https://esm.sh/@supabase/storage-js@2.7.1?target=denonext": "be9c38ac884f143a046f9fdecdf98bbeeb2dbe1ba06469a9fa991b42bfbe7d46",
    "https://esm.sh/@supabase/supabase-js@2.21.0": "f137b1c1e63db6d0b00645041d5c2b16bc8ce83109e240daacea3a080e6c8d41",
    "https://esm.sh/@supabase/supabase-js@2.21.0/denonext/supabase-js.mjs": "5f6bbdd5249b60bd82d5a3dba954d6da8f94e97e4dd0fb2125af1237f33edba1",
    "https://esm.sh/ai@2.2.13": "e207989166da5dd70e1d6b2554b8e16e29df3fc14702f173d6ee67a5847a5f7d",
    "https://esm.sh/ai@2.2.13/denonext/ai.mjs": "ba694714f18812668c42ae9607b7ef5b2705f1625b0bc5d5992e8fd81dfb6d2a",
    "https://esm.sh/bufferutil@4.0.9/denonext/bufferutil.mjs": "13dca4d5bb2c68cbe119f880fa3bd785b9a81a8e02e0834dae604b4b85295cd8",
    "https://esm.sh/bufferutil@4.0.9?target=denonext": "e32574569ab438facfcc3f412c659b0719bbf05477136ca176938c9a3ac45125",
    "https://esm.sh/character-entities@2.0.2/deno/character-entities.mjs": "d15396c2d78022cb26a289c75ee1fb7aaa556334bb24ff7b1ca3634a2770c4ef",
    "https://esm.sh/character-entities@2.0.2?target=deno": "1ae19733873f19ece83a494caca39e5d3908faf7bbafcc46f8fd380e79828951",
    "https://esm.sh/common-tags@1.8.2": "f7df1e2eea8b9593aca5cab7efe52ce953c147c2a5e866239207b6a15b0ce489",
    "https://esm.sh/common-tags@1.8.2/denonext/common-tags.mjs": "74a5d9fd9310f155ee8d148c02a773dc22a8e8901cb9653019dc5400eea6a6c4",
    "https://esm.sh/decode-named-character-reference@1.0.2/deno/decode-named-character-reference.mjs": "4c5bdc0fd54717e0843118f9678f9f730a719ceea3c2e7c3d8026b3cd8b78ff7",
    "https://esm.sh/decode-named-character-reference@1.0.2?target=deno": "2f2f448a524c8d0dec9462521799bc49290502087d3dc5afec7b56ece16125ee",
    "https://esm.sh/eventsource-parser@1.0.0/denonext/eventsource-parser.mjs": "2660662b264e8d174c3dfeb7c2e03a68a8c1ed5c664aa8f54f543f70dc276c77",
    "https://esm.sh/nanoid@3.3.6/denonext/non-secure.mjs": "4286ba29d7bef3b89b97e6cc3838cee95d48fb667145a1029f8baa9d28a84baa",
    "https://esm.sh/node-gyp-build@4.8.4/denonext/node-gyp-build.mjs": "9a86f2d044fc77bd60aaa3d697c2ba1b818da5fb1b9aaeedec59a40b8e908803",
    "https://esm.sh/node-gyp-build@4.8.4?target=denonext": "261a6cedf1fdbf159798141ba1e2311ac1510682c5c8b55dacc8cf5fdee4aa06",
    "https://esm.sh/openai@4.10.0": "e51cede576fede1ec4852da922e5681997d80bfc8d946d41e49a2d3637a53135",
    "https://esm.sh/openai@4.10.0/denonext/_shims/MultipartBody.mjs": "c0a91ac83ce0812ced05212e4bf24ac338f9d8e34845c2440157e7d841b094e1",
    "https://esm.sh/openai@4.10.0/denonext/_shims/auto/runtime.mjs": "dde4d2f7b64c42e91682152fde5aeebcfb07966c2804a9963923fe0560990643",
    "https://esm.sh/openai@4.10.0/denonext/_shims/index.mjs": "f2f9c1d1bbad1d9d21f256b42729d727a35f076e3fe8bd240ca5b1fbf46ced85",
    "https://esm.sh/openai@4.10.0/denonext/_shims/registry.mjs": "067fe389d301de667ebb406771136f64b41bd363810742684fb961a1be5221c4",
    "https://esm.sh/openai@4.10.0/denonext/_shims/web-runtime.mjs": "8612fba336b9c8bc72aa095d353cacd8e766bc756906ab0e97f9177fc9b56497",
    "https://esm.sh/openai@4.10.0/denonext/core.mjs": "76c51d17ee15125a63fac7f9289b35fad374f386afc3b8350e9b90f9562fda90",
    "https://esm.sh/openai@4.10.0/denonext/error.mjs": "75735497edb2ecca6d227f665b8f96305a00e2eb8f4b71dbed976530e4cc8504",
    "https://esm.sh/openai@4.10.0/denonext/openai.mjs": "98f4e4daa11bdeaf04b2bb28bcfe582e4523e09ba01da62187a53f537e8526c7",
    "https://esm.sh/openai@4.10.0/denonext/pagination.mjs": "3247aed546cebbbf1aa57c23f62bbc216f4134a7ade19a5b3b1b8daadbff07ee",
    "https://esm.sh/openai@4.10.0/denonext/resource.mjs": "dcffa1d683d7fa546b935f7bc1d524752d24fae375ef2f0772390f0a2ba993ba",
    "https://esm.sh/openai@4.10.0/denonext/resources/audio/audio.mjs": "b36534bbbae7d077f5e9c320aefdfa408bc26cd548d667667198cf58b1bbcb51",
    "https://esm.sh/openai@4.10.0/denonext/resources/audio/index.mjs": "f1a0aae57561a068eb9ae2d78c7ac7dcde35a51d635165549f650459adf632bb",
    "https://esm.sh/openai@4.10.0/denonext/resources/audio/transcriptions.mjs": "d63fa6df71086d1d41d4cd80537c6eae55e75aca9f7d887d82bf690df7408c71",
    "https://esm.sh/openai@4.10.0/denonext/resources/audio/translations.mjs": "3d59a496ddf98f65a8c31819d526aa18091463857a98fcdd97599613282ca02c",
    "https://esm.sh/openai@4.10.0/denonext/resources/chat/chat.mjs": "ae69dfccd0496bf99bbd58e8433ab22b8cf0b1409477cd72d57852484cf67edc",
    "https://esm.sh/openai@4.10.0/denonext/resources/chat/completions.mjs": "3e43ceaffb8b21fda10aa0de88d617d6fbc4f4162cb090d8885a6e974843e23c",
    "https://esm.sh/openai@4.10.0/denonext/resources/chat/index.mjs": "433523b11a7bf239219c4e28087709500d3197f8de55eaf91c61cfad7d8e27d9",
    "https://esm.sh/openai@4.10.0/denonext/resources/completions.mjs": "df5dc099cb74f1a5fd10a441412e936a5cb1f27c70dc7c47de7955561fd57424",
    "https://esm.sh/openai@4.10.0/denonext/resources/edits.mjs": "2bf56fc372d0a7b5555b20e16fbdc48efe1046c10bb83d1d666fe1171b9cc31d",
    "https://esm.sh/openai@4.10.0/denonext/resources/embeddings.mjs": "23b0291ebde12832ba93ab4e13325f594d4b1e8e9de176b1056d486fda15df8b",
    "https://esm.sh/openai@4.10.0/denonext/resources/files.mjs": "169f64d856fda31b706196c219aec60ca5ceadcc5f435848a8145a889c4eeb46",
    "https://esm.sh/openai@4.10.0/denonext/resources/fine-tunes.mjs": "566924a32778ea54df541e13e88e147914b552129cd07c41264ad272d2113b50",
    "https://esm.sh/openai@4.10.0/denonext/resources/fine-tuning/fine-tuning.mjs": "98f0f1b43ea17c5609c6d2d7087e6750386ede3bbae767cc43eab0b45b16eece",
    "https://esm.sh/openai@4.10.0/denonext/resources/fine-tuning/index.mjs": "3a4e8771ac1c352c9d40545ca11264ce5f21b493d8af644f1136a620fcb12e54",
    "https://esm.sh/openai@4.10.0/denonext/resources/fine-tuning/jobs.mjs": "928f1d6057561dd2de0a145857a5e4f3ec9392ba959478cadd1adfca717937b3",
    "https://esm.sh/openai@4.10.0/denonext/resources/images.mjs": "94894a3642db317b58dffdc5787a52799a60293959d2fdea8536736bd2743979",
    "https://esm.sh/openai@4.10.0/denonext/resources/index.mjs": "2ae749d96bb201e4b33a5c621822523c0a73c10416f5c1530db3c5b6bee2cdb4",
    "https://esm.sh/openai@4.10.0/denonext/resources/models.mjs": "f63d95ea672abf7d05044cfa12e65a7f248d2e4ea883e00f2e8537e5cce81bc4",
    "https://esm.sh/openai@4.10.0/denonext/resources/moderations.mjs": "31168e4ee7a847d68f941771dabcdcd111ec771e1459f06fbbd460251b05bb9f",
    "https://esm.sh/openai@4.10.0/denonext/streaming.mjs": "c3b93bde7c882dc91a33b7b2fe37c9c1d3d2d1ae7ace6e7aa489438eff98cace",
    "https://esm.sh/openai@4.10.0/denonext/uploads.mjs": "4b3661f6022cb1d48eb78fb50d2ff1c5dd6547a9d2d1af73d710ba2c5fe84fd0",
    "https://esm.sh/openai@4.10.0/denonext/version.mjs": "6977637855056adb45df3fa1fdfd38ff7c5c0bce912e7dfe30fd05283ded1cb4",
    "https://esm.sh/tr46@0.0.3/denonext/tr46.mjs": "5753ec0a99414f4055f0c1f97691100f13d88e48a8443b00aebb90a512785fa2",
    "https://esm.sh/tr46@0.0.3?target=denonext": "19cb9be0f0d418a0c3abb81f2df31f080e9540a04e43b0f699bce1149cba0cbb",
    "https://esm.sh/utf-8-validate@6.0.5/denonext/utf-8-validate.mjs": "66b8ea532a0c745068f5b96ddb1bae332c3036703243541d2e89e66331974d98",
    "https://esm.sh/utf-8-validate@6.0.5?target=denonext": "071bc33ba1a58297e23a34d69dd589fd06df04b0f373b382ff5da544a623f271",
    "https://esm.sh/v132/longest-streak@3.1.0/esnext/longest-streak.mjs": "ec86e24d9e8a3f35ac9f0d6593b4cb384dedfca7a56f15449dcd30905b74b1c6",
    "https://esm.sh/v132/mdast-util-from-markdown@2.0.0": "31e3157d804b4e2f2bf749ea23aecbaee5419cd90d91cc5903e46bdf53bb45a6",
    "https://esm.sh/v132/mdast-util-from-markdown@2.0.0/esnext/mdast-util-from-markdown.mjs": "bca558869960143a721e366e664e2701e3ded781041d5918165ae908cc263c71",
    "https://esm.sh/v132/mdast-util-phrasing@4.0.0/esnext/mdast-util-phrasing.mjs": "8f1593daab97e184287ed0468cc50853d6360357851cfff7e440fcfa5ad053ee",
    "https://esm.sh/v132/mdast-util-to-markdown@2.1.0": "5e34472acca15ab86d2ccf6abffb6c6b725117e214b430d8a812eda2cec8b5b6",
    "https://esm.sh/v132/mdast-util-to-markdown@2.1.0/esnext/mdast-util-to-markdown.mjs": "cc096ae2a8936ec1db5857a3f987d1bd4256a0db74899420d78dc60839633ab3",
    "https://esm.sh/v132/mdast-util-to-string@4.0.0": "1babe5cfd616232512c60522e92f7de9195db7f1814c845cd0c4eaecbdd118fe",
    "https://esm.sh/v132/mdast-util-to-string@4.0.0/esnext/mdast-util-to-string.mjs": "9d564721d63c284b009ec05f4f38dce47f65e75274bdca139919cbcef1f79492",
    "https://esm.sh/v132/micromark-core-commonmark@2.0.0/esnext/micromark-core-commonmark.mjs": "a131c9c9e74a26a55af72d0e8f0fd9a8323c723a3af683d7672fc0cb4c5378e7",
    "https://esm.sh/v132/micromark-factory-destination@2.0.0/esnext/micromark-factory-destination.mjs": "7112cb3ba0c435aaed5ad8bd14155161557e12f9150d4d8a78615a3ff5099ca0",
    "https://esm.sh/v132/micromark-factory-label@2.0.0/esnext/micromark-factory-label.mjs": "e72c9363c7151053d2298410b3e3b1f6421b1acac6826be2ab4ce4332432d741",
    "https://esm.sh/v132/micromark-factory-space@2.0.0/esnext/micromark-factory-space.mjs": "c16e4929a682834791db1d0c3bbc2b1f3202ac8b31354d8127e4a55bb3285b58",
    "https://esm.sh/v132/micromark-factory-title@2.0.0/esnext/micromark-factory-title.mjs": "c1a74f1b0149a30af07c1d2b853e8aa75567372546245b933d0a9a0464a40335",
    "https://esm.sh/v132/micromark-factory-whitespace@2.0.0/esnext/micromark-factory-whitespace.mjs": "d85dcca1db3c37069641bee2b071abd5c77be8f22bb9f959ad83aa8a4997f30a",
    "https://esm.sh/v132/micromark-util-character@2.0.1/esnext/micromark-util-character.mjs": "897d47fe64bcf97bda33d9e0d34cef3d820107b718ac67510159a3e0c098e2e6",
    "https://esm.sh/v132/micromark-util-chunked@2.0.0/esnext/micromark-util-chunked.mjs": "6d300e5d242848f58364c6c67d8236a4ec751d5a55d5af2dc0ef5b311bc02dd6",
    "https://esm.sh/v132/micromark-util-classify-character@2.0.0/esnext/micromark-util-classify-character.mjs": "58f71977c40250d6b6713cf0caa588cd47937a8baee2da438017dff3f2d6bf20",
    "https://esm.sh/v132/micromark-util-combine-extensions@2.0.0/esnext/micromark-util-combine-extensions.mjs": "df6977c6d2e5e1bfc7d50821758ddd860dc2350655cf5a12b73344ab63815034",
    "https://esm.sh/v132/micromark-util-decode-numeric-character-reference@2.0.0/esnext/micromark-util-decode-numeric-character-reference.mjs": "b4fc41d4c9f70e7b507675b8b76464967ae7bbbe4a01e23282fc36883e4f6e52",
    "https://esm.sh/v132/micromark-util-decode-string@2.0.0/esnext/micromark-util-decode-string.mjs": "844a63c0f996b2a2aaea549546e189bcd217880a4df97b58a347d80e824fc090",
    "https://esm.sh/v132/micromark-util-encode@2.0.0/esnext/micromark-util-encode.mjs": "d84b486ff155ba6ab253c54432073f9654a982d6fcd65362fd8756cd5a4c42fb",
    "https://esm.sh/v132/micromark-util-html-tag-name@2.0.0/esnext/micromark-util-html-tag-name.mjs": "880f0e9618c820fb494cd3479353e611188caa6336fbbfaf055b20c00c898aa3",
    "https://esm.sh/v132/micromark-util-normalize-identifier@2.0.0/esnext/micromark-util-normalize-identifier.mjs": "593ba237ff19342eb29c00c2a9c924913ed1b98fc6d090a6667ab344767cb612",
    "https://esm.sh/v132/micromark-util-resolve-all@2.0.0/esnext/micromark-util-resolve-all.mjs": "5405cb14ef2b02aaee0675fed7082fedb8df7a7ca0d4c5df7d9385eaeab26adb",
    "https://esm.sh/v132/micromark-util-sanitize-uri@2.0.0/esnext/micromark-util-sanitize-uri.mjs": "01fa66d8ec89c9e43320217558cf5861268df64154688e1952920b253fc7be2d",
    "https://esm.sh/v132/micromark-util-subtokenize@2.0.0/esnext/micromark-util-subtokenize.mjs": "383c905d12708f15aab4ef622873a1742ecf8a3f7c5678a2e39aa311adf56631",
    "https://esm.sh/v132/micromark@4.0.0/esnext/micromark.mjs": "e506816950e9a031f5e90564c70c151edeb6dbfe6ab403bb7121461f52e21fdb",
    "https://esm.sh/v132/unist-builder@4.0.0": "6b608a489747a2901688808c0d08d1385e8a8cd6ab694fb87e14c46a1c8d4a2e",
    "https://esm.sh/v132/unist-builder@4.0.0/esnext/unist-builder.mjs": "354b1363abf424c8afa029734df5712c02318ed7507c426a9e3944f55d696e8d",
    "https://esm.sh/v132/unist-util-is@6.0.0/esnext/unist-util-is.mjs": "5df8d375217232ec41aa2aa60ab60baaec1e13c93d1912ac66d8dd6746852c6f",
    "https://esm.sh/v132/unist-util-stringify-position@4.0.0/esnext/unist-util-stringify-position.mjs": "567ced0224400ed83e2b3316ba4b8e14ac4bfe5c857ae19cae5d67e3b3588f09",
    "https://esm.sh/v132/unist-util-visit-parents@6.0.1/esnext/do-not-use-color.js": "c04dc01e2d80347726ec19d03628d3e7e88d575dedae418ac98e0eef2cff93ec",
    "https://esm.sh/v132/unist-util-visit-parents@6.0.1/esnext/unist-util-visit-parents.mjs": "f0c00c914e59c8a66c12d2ecb17f1df18d2f90b01e015fe87a41ad395dab76a3",
    "https://esm.sh/v132/unist-util-visit@5.0.0/esnext/unist-util-visit.mjs": "8d75a0b7171400680a5ea2221cafaa980e10d19df632e6cf7d4b52f8246d99e7",
    "https://esm.sh/v132/zwitch@2.0.4/esnext/zwitch.mjs": "6a5e3f3fcf6087b91a610b50f2aeab646b7af893dce4c62a44bbc615659188bd",
    "https://esm.sh/webidl-conversions@3.0.1/denonext/webidl-conversions.mjs": "54b5c2d50a294853c4ccebf9d5ed8988c94f4e24e463d84ec859a866ea5fafec",
    "https://esm.sh/webidl-conversions@3.0.1?target=denonext": "4e20318d50528084616c79d7b3f6e7f0fe7b6d09013bd01b3974d7448d767e29",
    "https://esm.sh/whatwg-url@5.0.0/denonext/whatwg-url.mjs": "29b16d74ee72624c915745bbd25b617cfd2248c6af0f5120d131e232a9a9af79",
    "https://esm.sh/whatwg-url@5.0.0?target=denonext": "f001a2cadf81312d214ca330033f474e74d81a003e21e8c5d70a1f46dc97b02d",
    "https://esm.sh/ws@8.18.0/denonext/ws.mjs": "8dc628278869d8802a2740beaa6f122b2e159d05d85746cdd647a3d3ffdd3e19",
    "https://esm.sh/ws@8.18.0?target=denonext": "6c20bf923e7287b70e706eb731195e073f7693a9c89d050aceb7cc51804865d4"
  },
  "workspace": {
    "packageJson": {
      "dependencies": [
        "npm:@radix-ui/react-slot@^1.0.2",
        "npm:@radix-ui/react-toast@^1.1.5",
        "npm:@supabase/auth-helpers-nextjs@latest",
        "npm:@supabase/supabase-js@latest",
        "npm:@tanstack/react-query@^4.35.7",
        "npm:@types/node@20.3.1",
        "npm:@types/react-dom@18.2.5",
        "npm:@types/react@18.2.12",
        "npm:@xenova/transformers@^2.17.2",
        "npm:ai@^4.1.41",
        "npm:autoprefixer@10.4.15",
        "npm:class-variance-authority@0.7",
        "npm:clsx@2",
        "npm:encoding@~0.1.13",
        "npm:lucide-react@0.284",
        "npm:next@latest",
        "npm:postcss@8.4.29",
        "npm:react-dom@18.2.0",
        "npm:react@18.2.0",
        "npm:supabase@^1.116.0",
        "npm:tailwind-merge@^1.14.0",
        "npm:tailwindcss-animate@^1.0.7",
        "npm:tailwindcss@3.3.3",
        "npm:three-dots@~0.3.2",
        "npm:typescript@5.1.3"
      ]
    }
  }
}
